// !$*UTF8*$!
{
	archiveVersion = 1;
	classes = {
	};
	objectVersion = 56;
	objects = {

/* Begin PBXBuildFile section */
		05496C5E29D956D20080C503 /* OS_OneApp.swift in Sources */ = {isa = PBXBuildFile; fileRef = 05496C5D29D956D20080C503 /* OS_OneApp.swift */; };
		05496C6029D956D20080C503 /* ContentView.swift in Sources */ = {isa = PBXBuildFile; fileRef = 05496C5F29D956D20080C503 /* ContentView.swift */; };
		05496C6229D956D40080C503 /* Assets.xcassets in Resources */ = {isa = PBXBuildFile; fileRef = 05496C6129D956D40080C503 /* Assets.xcassets */; };
		05496C6529D956D40080C503 /* Preview Assets.xcassets in Resources */ = {isa = PBXBuildFile; fileRef = 05496C6429D956D40080C503 /* Preview Assets.xcassets */; };
		05496C6729D956D40080C503 /* Persistence.swift in Sources */ = {isa = PBXBuildFile; fileRef = 05496C6629D956D40080C503 /* Persistence.swift */; };
		05496C6A29D956D40080C503 /* OS_One.xcdatamodeld in Sources */ = {isa = PBXBuildFile; fileRef = 05496C6829D956D40080C503 /* OS_One.xcdatamodeld */; };
		05496C7529D956D40080C503 /* OS_One_Tests.swift in Sources */ = {isa = PBXBuildFile; fileRef = 05496C7429D956D40080C503 /* OS_One_Tests.swift */; };
		05496C7F29D956D40080C503 /* OS_OneUITests.swift in Sources */ = {isa = PBXBuildFile; fileRef = 05496C7E29D956D40080C503 /* OS_OneUITests.swift */; };
		05496C8129D956D40080C503 /* OS_OneUITestsLaunchTests.swift in Sources */ = {isa = PBXBuildFile; fileRef = 05496C8029D956D40080C503 /* OS_OneUITestsLaunchTests.swift */; };
		05496C8E29D958550080C503 /* HomeView.swift in Sources */ = {isa = PBXBuildFile; fileRef = 05496C8D29D958550080C503 /* HomeView.swift */; };
		05744E7C29DAE5D40013FB54 /* TextToSpeech.swift in Sources */ = {isa = PBXBuildFile; fileRef = 05744E7B29DAE5D40013FB54 /* TextToSpeech.swift */; };
		05744E7E29DAEED90013FB54 /* SettingsView.swift in Sources */ = {isa = PBXBuildFile; fileRef = 05744E7D29DAEED90013FB54 /* SettingsView.swift */; };
		05744E8029DAF2B60013FB54 /* OpenAI.swift in Sources */ = {isa = PBXBuildFile; fileRef = 05744E7F29DAF2B60013FB54 /* OpenAI.swift */; };
		0597AE5829D98B9B00C5CCF4 /* SpeechRecognizer.swift in Sources */ = {isa = PBXBuildFile; fileRef = 0597AE5729D98B9B00C5CCF4 /* SpeechRecognizer.swift */; };
		05C3FFF829E8C8AB00B33D0F /* DoubleHelixView.swift in Sources */ = {isa = PBXBuildFile; fileRef = 05C3FFF729E8C8AB00B33D0F /* DoubleHelixView.swift */; };
		05F0AE3D29DEE1DD00E68AC6 /* ConversationView.swift in Sources */ = {isa = PBXBuildFile; fileRef = 05F0AE3C29DEE1DD00E68AC6 /* ConversationView.swift */; };
/* End PBXBuildFile section */

/* Begin PBXContainerItemProxy section */
		05496C7129D956D40080C503 /* PBXContainerItemProxy */ = {
			isa = PBXContainerItemProxy;
			containerPortal = 05496C5229D956D20080C503 /* Project object */;
			proxyType = 1;
			remoteGlobalIDString = 05496C5929D956D20080C503;
			remoteInfo = "OS One";
		};
		05496C7B29D956D40080C503 /* PBXContainerItemProxy */ = {
			isa = PBXContainerItemProxy;
			containerPortal = 05496C5229D956D20080C503 /* Project object */;
			proxyType = 1;
			remoteGlobalIDString = 05496C5929D956D20080C503;
			remoteInfo = "OS One";
		};
/* End PBXContainerItemProxy section */

/* Begin PBXFileReference section */
		05496C5A29D956D20080C503 /* OS One.app */ = {isa = PBXFileReference; explicitFileType = wrapper.application; includeInIndex = 0; path = "OS One.app"; sourceTree = BUILT_PRODUCTS_DIR; };
		05496C5D29D956D20080C503 /* OS_OneApp.swift */ = {isa = PBXFileReference; lastKnownFileType = sourcecode.swift; path = OS_OneApp.swift; sourceTree = "<group>"; };
		05496C5F29D956D20080C503 /* ContentView.swift */ = {isa = PBXFileReference; lastKnownFileType = sourcecode.swift; path = ContentView.swift; sourceTree = "<group>"; };
		05496C6129D956D40080C503 /* Assets.xcassets */ = {isa = PBXFileReference; lastKnownFileType = folder.assetcatalog; path = Assets.xcassets; sourceTree = "<group>"; };
		05496C6429D956D40080C503 /* Preview Assets.xcassets */ = {isa = PBXFileReference; lastKnownFileType = folder.assetcatalog; path = "Preview Assets.xcassets"; sourceTree = "<group>"; };
		05496C6629D956D40080C503 /* Persistence.swift */ = {isa = PBXFileReference; lastKnownFileType = sourcecode.swift; path = Persistence.swift; sourceTree = "<group>"; };
		05496C6929D956D40080C503 /* OS_One.xcdatamodel */ = {isa = PBXFileReference; lastKnownFileType = wrapper.xcdatamodel; path = OS_One.xcdatamodel; sourceTree = "<group>"; };
		05496C6B29D956D40080C503 /* Info.plist */ = {isa = PBXFileReference; lastKnownFileType = text.plist.xml; path = Info.plist; sourceTree = "<group>"; };
		05496C7029D956D40080C503 /* OS OneTests.xctest */ = {isa = PBXFileReference; explicitFileType = wrapper.cfbundle; includeInIndex = 0; path = "OS OneTests.xctest"; sourceTree = BUILT_PRODUCTS_DIR; };
		05496C7429D956D40080C503 /* OS_One_Tests.swift */ = {isa = PBXFileReference; lastKnownFileType = sourcecode.swift; path = OS_One_Tests.swift; sourceTree = "<group>"; };
		05496C7A29D956D40080C503 /* OS OneUITests.xctest */ = {isa = PBXFileReference; explicitFileType = wrapper.cfbundle; includeInIndex = 0; path = "OS OneUITests.xctest"; sourceTree = BUILT_PRODUCTS_DIR; };
		05496C7E29D956D40080C503 /* OS_OneUITests.swift */ = {isa = PBXFileReference; lastKnownFileType = sourcecode.swift; path = OS_OneUITests.swift; sourceTree = "<group>"; };
		05496C8029D956D40080C503 /* OS_OneUITestsLaunchTests.swift */ = {isa = PBXFileReference; lastKnownFileType = sourcecode.swift; path = OS_OneUITestsLaunchTests.swift; sourceTree = "<group>"; };
		05496C8D29D958550080C503 /* HomeView.swift */ = {isa = PBXFileReference; lastKnownFileType = sourcecode.swift; path = HomeView.swift; sourceTree = "<group>"; };
		05744E7B29DAE5D40013FB54 /* TextToSpeech.swift */ = {isa = PBXFileReference; lastKnownFileType = sourcecode.swift; path = TextToSpeech.swift; sourceTree = "<group>"; };
		05744E7D29DAEED90013FB54 /* SettingsView.swift */ = {isa = PBXFileReference; lastKnownFileType = sourcecode.swift; path = SettingsView.swift; sourceTree = "<group>"; };
		05744E7F29DAF2B60013FB54 /* OpenAI.swift */ = {isa = PBXFileReference; lastKnownFileType = sourcecode.swift; path = OpenAI.swift; sourceTree = "<group>"; };
		05744E8129DB052E0013FB54 /* OS-One-Info.plist */ = {isa = PBXFileReference; lastKnownFileType = text.plist.xml; path = "OS-One-Info.plist"; sourceTree = SOURCE_ROOT; };
		0597AE5729D98B9B00C5CCF4 /* SpeechRecognizer.swift */ = {isa = PBXFileReference; lastKnownFileType = sourcecode.swift; path = SpeechRecognizer.swift; sourceTree = "<group>"; };
		05C3FFF729E8C8AB00B33D0F /* DoubleHelixView.swift */ = {isa = PBXFileReference; lastKnownFileType = sourcecode.swift; path = DoubleHelixView.swift; sourceTree = "<group>"; };
		05F0AE3C29DEE1DD00E68AC6 /* ConversationView.swift */ = {isa = PBXFileReference; lastKnownFileType = sourcecode.swift; path = ConversationView.swift; sourceTree = "<group>"; };
/* End PBXFileReference section */

/* Begin PBXFrameworksBuildPhase section */
		05496C5729D956D20080C503 /* Frameworks */ = {
			isa = PBXFrameworksBuildPhase;
			buildActionMask = 2147483647;
			files = (
			);
			runOnlyForDeploymentPostprocessing = 0;
		};
		05496C6D29D956D40080C503 /* Frameworks */ = {
			isa = PBXFrameworksBuildPhase;
			buildActionMask = 2147483647;
			files = (
			);
			runOnlyForDeploymentPostprocessing = 0;
		};
		05496C7729D956D40080C503 /* Frameworks */ = {
			isa = PBXFrameworksBuildPhase;
			buildActionMask = 2147483647;
			files = (
			);
			runOnlyForDeploymentPostprocessing = 0;
		};
/* End PBXFrameworksBuildPhase section */

/* Begin PBXGroup section */
		05496C5129D956D20080C503 = {
			isa = PBXGroup;
			children = (
				05496C5C29D956D20080C503 /* OS One */,
				05496C7329D956D40080C503 /* OS One VoiceTests */,
				05496C7D29D956D40080C503 /* OS One VoiceUITests */,
				05496C5B29D956D20080C503 /* Products */,
			);
			sourceTree = "<group>";
		};
		05496C5B29D956D20080C503 /* Products */ = {
			isa = PBXGroup;
			children = (
				05496C5A29D956D20080C503 /* OS One.app */,
				05496C7029D956D40080C503 /* OS OneTests.xctest */,
				05496C7A29D956D40080C503 /* OS OneUITests.xctest */,
			);
			name = Products;
			sourceTree = "<group>";
		};
		05496C5C29D956D20080C503 /* OS One */ = {
			isa = PBXGroup;
			children = (
				05744E8129DB052E0013FB54 /* OS-One-Info.plist */,
				05496C5D29D956D20080C503 /* OS_OneApp.swift */,
				05496C5F29D956D20080C503 /* ContentView.swift */,
				05F0AE3C29DEE1DD00E68AC6 /* ConversationView.swift */,
				05496C8D29D958550080C503 /* HomeView.swift */,
				05C3FFF729E8C8AB00B33D0F /* DoubleHelixView.swift */,
				05744E7D29DAEED90013FB54 /* SettingsView.swift */,
				05744E7B29DAE5D40013FB54 /* TextToSpeech.swift */,
				0597AE5729D98B9B00C5CCF4 /* SpeechRecognizer.swift */,
				05744E7F29DAF2B60013FB54 /* OpenAI.swift */,
				05496C6129D956D40080C503 /* Assets.xcassets */,
				05496C6629D956D40080C503 /* Persistence.swift */,
				05496C6B29D956D40080C503 /* Info.plist */,
				05496C6829D956D40080C503 /* OS_One.xcdatamodeld */,
				05496C6329D956D40080C503 /* Preview Content */,
			);
			path = "OS One";
			sourceTree = "<group>";
		};
		05496C6329D956D40080C503 /* Preview Content */ = {
			isa = PBXGroup;
			children = (
				05496C6429D956D40080C503 /* Preview Assets.xcassets */,
			);
			path = "Preview Content";
			sourceTree = "<group>";
		};
		05496C7329D956D40080C503 /* OS One VoiceTests */ = {
			isa = PBXGroup;
			children = (
				05496C7429D956D40080C503 /* OS_One_Tests.swift */,
			);
			path = "OS One VoiceTests";
			sourceTree = "<group>";
		};
		05496C7D29D956D40080C503 /* OS One VoiceUITests */ = {
			isa = PBXGroup;
			children = (
				05496C7E29D956D40080C503 /* OS_OneUITests.swift */,
				05496C8029D956D40080C503 /* OS_OneUITestsLaunchTests.swift */,
			);
			path = "OS One VoiceUITests";
			sourceTree = "<group>";
		};
/* End PBXGroup section */

/* Begin PBXNativeTarget section */
		05496C5929D956D20080C503 /* OS One */ = {
			isa = PBXNativeTarget;
			buildConfigurationList = 05496C8429D956D40080C503 /* Build configuration list for PBXNativeTarget "OS One" */;
			buildPhases = (
				05496C5629D956D20080C503 /* Sources */,
				05496C5729D956D20080C503 /* Frameworks */,
				05496C5829D956D20080C503 /* Resources */,
			);
			buildRules = (
			);
			dependencies = (
			);
			name = "OS One";
			productName = "OS One";
			productReference = 05496C5A29D956D20080C503 /* OS One.app */;
			productType = "com.apple.product-type.application";
		};
		05496C6F29D956D40080C503 /* OS OneTests */ = {
			isa = PBXNativeTarget;
			buildConfigurationList = 05496C8729D956D40080C503 /* Build configuration list for PBXNativeTarget "OS OneTests" */;
			buildPhases = (
				05496C6C29D956D40080C503 /* Sources */,
				05496C6D29D956D40080C503 /* Frameworks */,
				05496C6E29D956D40080C503 /* Resources */,
			);
			buildRules = (
			);
			dependencies = (
				05496C7229D956D40080C503 /* PBXTargetDependency */,
			);
			name = "OS OneTests";
			productName = "OS OneTests";
			productReference = 05496C7029D956D40080C503 /* OS OneTests.xctest */;
			productType = "com.apple.product-type.bundle.unit-test";
		};
		05496C7929D956D40080C503 /* OS OneUITests */ = {
			isa = PBXNativeTarget;
			buildConfigurationList = 05496C8A29D956D40080C503 /* Build configuration list for PBXNativeTarget "OS OneUITests" */;
			buildPhases = (
				05496C7629D956D40080C503 /* Sources */,
				05496C7729D956D40080C503 /* Frameworks */,
				05496C7829D956D40080C503 /* Resources */,
			);
			buildRules = (
			);
			dependencies = (
				05496C7C29D956D40080C503 /* PBXTargetDependency */,
			);
			name = "OS OneUITests";
			productName = "OS OneUITests";
			productReference = 05496C7A29D956D40080C503 /* OS OneUITests.xctest */;
			productType = "com.apple.product-type.bundle.ui-testing";
		};
/* End PBXNativeTarget section */

/* Begin PBXProject section */
		05496C5229D956D20080C503 /* Project object */ = {
			isa = PBXProject;
			attributes = {
				BuildIndependentTargetsInParallel = 1;
				LastSwiftUpdateCheck = 1430;
				LastUpgradeCheck = 1430;
				TargetAttributes = {
					05496C5929D956D20080C503 = {
						CreatedOnToolsVersion = 14.3;
					};
					05496C6F29D956D40080C503 = {
						CreatedOnToolsVersion = 14.3;
						TestTargetID = 05496C5929D956D20080C503;
					};
					05496C7929D956D40080C503 = {
						CreatedOnToolsVersion = 14.3;
						TestTargetID = 05496C5929D956D20080C503;
					};
				};
			};
			buildConfigurationList = 05496C5529D956D20080C503 /* Build configuration list for PBXProject "OS One" */;
			compatibilityVersion = "Xcode 14.0";
			developmentRegion = en;
			hasScannedForEncodings = 0;
			knownRegions = (
				en,
				Base,
			);
			mainGroup = 05496C5129D956D20080C503;
			productRefGroup = 05496C5B29D956D20080C503 /* Products */;
			projectDirPath = "";
			projectRoot = "";
			targets = (
				05496C5929D956D20080C503 /* OS One */,
				05496C6F29D956D40080C503 /* OS OneTests */,
				05496C7929D956D40080C503 /* OS OneUITests */,
			);
		};
/* End PBXProject section */

/* Begin PBXResourcesBuildPhase section */
		05496C5829D956D20080C503 /* Resources */ = {
			isa = PBXResourcesBuildPhase;
			buildActionMask = 2147483647;
			files = (
				05496C6529D956D40080C503 /* Preview Assets.xcassets in Resources */,
				05496C6229D956D40080C503 /* Assets.xcassets in Resources */,
			);
			runOnlyForDeploymentPostprocessing = 0;
		};
		05496C6E29D956D40080C503 /* Resources */ = {
			isa = PBXResourcesBuildPhase;
			buildActionMask = 2147483647;
			files = (
			);
			runOnlyForDeploymentPostprocessing = 0;
		};
		05496C7829D956D40080C503 /* Resources */ = {
			isa = PBXResourcesBuildPhase;
			buildActionMask = 2147483647;
			files = (
			);
			runOnlyForDeploymentPostprocessing = 0;
		};
/* End PBXResourcesBuildPhase section */

/* Begin PBXSourcesBuildPhase section */
		05496C5629D956D20080C503 /* Sources */ = {
			isa = PBXSourcesBuildPhase;
			buildActionMask = 2147483647;
			files = (
				05C3FFF829E8C8AB00B33D0F /* DoubleHelixView.swift in Sources */,
				05496C6729D956D40080C503 /* Persistence.swift in Sources */,
				05744E7E29DAEED90013FB54 /* SettingsView.swift in Sources */,
				05496C6029D956D20080C503 /* ContentView.swift in Sources */,
				05744E8029DAF2B60013FB54 /* OpenAI.swift in Sources */,
				0597AE5829D98B9B00C5CCF4 /* SpeechRecognizer.swift in Sources */,
				05496C6A29D956D40080C503 /* OS_One.xcdatamodeld in Sources */,
				05744E7C29DAE5D40013FB54 /* TextToSpeech.swift in Sources */,
				05496C8E29D958550080C503 /* HomeView.swift in Sources */,
				05496C5E29D956D20080C503 /* OS_OneApp.swift in Sources */,
				05F0AE3D29DEE1DD00E68AC6 /* ConversationView.swift in Sources */,
			);
			runOnlyForDeploymentPostprocessing = 0;
		};
		05496C6C29D956D40080C503 /* Sources */ = {
			isa = PBXSourcesBuildPhase;
			buildActionMask = 2147483647;
			files = (
				05496C7529D956D40080C503 /* OS_One_Tests.swift in Sources */,
			);
			runOnlyForDeploymentPostprocessing = 0;
		};
		05496C7629D956D40080C503 /* Sources */ = {
			isa = PBXSourcesBuildPhase;
			buildActionMask = 2147483647;
			files = (
				05496C7F29D956D40080C503 /* OS_OneUITests.swift in Sources */,
				05496C8129D956D40080C503 /* OS_OneUITestsLaunchTests.swift in Sources */,
			);
			runOnlyForDeploymentPostprocessing = 0;
		};
/* End PBXSourcesBuildPhase section */

/* Begin PBXTargetDependency section */
		05496C7229D956D40080C503 /* PBXTargetDependency */ = {
			isa = PBXTargetDependency;
			target = 05496C5929D956D20080C503 /* OS One */;
			targetProxy = 05496C7129D956D40080C503 /* PBXContainerItemProxy */;
		};
		05496C7C29D956D40080C503 /* PBXTargetDependency */ = {
			isa = PBXTargetDependency;
			target = 05496C5929D956D20080C503 /* OS One */;
			targetProxy = 05496C7B29D956D40080C503 /* PBXContainerItemProxy */;
		};
/* End PBXTargetDependency section */

/* Begin XCBuildConfiguration section */
		05496C8229D956D40080C503 /* Debug */ = {
			isa = XCBuildConfiguration;
			buildSettings = {
				ALWAYS_SEARCH_USER_PATHS = NO;
				CLANG_ANALYZER_NONNULL = YES;
				CLANG_ANALYZER_NUMBER_OBJECT_CONVERSION = YES_AGGRESSIVE;
				CLANG_CXX_LANGUAGE_STANDARD = "gnu++20";
				CLANG_ENABLE_MODULES = YES;
				CLANG_ENABLE_OBJC_ARC = YES;
				CLANG_ENABLE_OBJC_WEAK = YES;
				CLANG_WARN_BLOCK_CAPTURE_AUTORELEASING = YES;
				CLANG_WARN_BOOL_CONVERSION = YES;
				CLANG_WARN_COMMA = YES;
				CLANG_WARN_CONSTANT_CONVERSION = YES;
				CLANG_WARN_DEPRECATED_OBJC_IMPLEMENTATIONS = YES;
				CLANG_WARN_DIRECT_OBJC_ISA_USAGE = YES_ERROR;
				CLANG_WARN_DOCUMENTATION_COMMENTS = YES;
				CLANG_WARN_EMPTY_BODY = YES;
				CLANG_WARN_ENUM_CONVERSION = YES;
				CLANG_WARN_INFINITE_RECURSION = YES;
				CLANG_WARN_INT_CONVERSION = YES;
				CLANG_WARN_NON_LITERAL_NULL_CONVERSION = YES;
				CLANG_WARN_OBJC_IMPLICIT_RETAIN_SELF = YES;
				CLANG_WARN_OBJC_LITERAL_CONVERSION = YES;
				CLANG_WARN_OBJC_ROOT_CLASS = YES_ERROR;
				CLANG_WARN_QUOTED_INCLUDE_IN_FRAMEWORK_HEADER = YES;
				CLANG_WARN_RANGE_LOOP_ANALYSIS = YES;
				CLANG_WARN_STRICT_PROTOTYPES = YES;
				CLANG_WARN_SUSPICIOUS_MOVE = YES;
				CLANG_WARN_UNGUARDED_AVAILABILITY = YES_AGGRESSIVE;
				CLANG_WARN_UNREACHABLE_CODE = YES;
				CLANG_WARN__DUPLICATE_METHOD_MATCH = YES;
				COPY_PHASE_STRIP = NO;
				DEBUG_INFORMATION_FORMAT = dwarf;
				ENABLE_STRICT_OBJC_MSGSEND = YES;
				ENABLE_TESTABILITY = YES;
				GCC_C_LANGUAGE_STANDARD = gnu11;
				GCC_DYNAMIC_NO_PIC = NO;
				GCC_NO_COMMON_BLOCKS = YES;
				GCC_OPTIMIZATION_LEVEL = 0;
				GCC_PREPROCESSOR_DEFINITIONS = (
					"DEBUG=1",
					"$(inherited)",
				);
				GCC_WARN_64_TO_32_BIT_CONVERSION = YES;
				GCC_WARN_ABOUT_RETURN_TYPE = YES_ERROR;
				GCC_WARN_UNDECLARED_SELECTOR = YES;
				GCC_WARN_UNINITIALIZED_AUTOS = YES_AGGRESSIVE;
				GCC_WARN_UNUSED_FUNCTION = YES;
				GCC_WARN_UNUSED_VARIABLE = YES;
				IPHONEOS_DEPLOYMENT_TARGET = 16.4;
				MTL_ENABLE_DEBUG_INFO = INCLUDE_SOURCE;
				MTL_FAST_MATH = YES;
				ONLY_ACTIVE_ARCH = YES;
				SDKROOT = iphoneos;
				SWIFT_ACTIVE_COMPILATION_CONDITIONS = DEBUG;
				SWIFT_OPTIMIZATION_LEVEL = "-Onone";
			};
			name = Debug;
		};
		05496C8329D956D40080C503 /* Release */ = {
			isa = XCBuildConfiguration;
			buildSettings = {
				ALWAYS_SEARCH_USER_PATHS = NO;
				CLANG_ANALYZER_NONNULL = YES;
				CLANG_ANALYZER_NUMBER_OBJECT_CONVERSION = YES_AGGRESSIVE;
				CLANG_CXX_LANGUAGE_STANDARD = "gnu++20";
				CLANG_ENABLE_MODULES = YES;
				CLANG_ENABLE_OBJC_ARC = YES;
				CLANG_ENABLE_OBJC_WEAK = YES;
				CLANG_WARN_BLOCK_CAPTURE_AUTORELEASING = YES;
				CLANG_WARN_BOOL_CONVERSION = YES;
				CLANG_WARN_COMMA = YES;
				CLANG_WARN_CONSTANT_CONVERSION = YES;
				CLANG_WARN_DEPRECATED_OBJC_IMPLEMENTATIONS = YES;
				CLANG_WARN_DIRECT_OBJC_ISA_USAGE = YES_ERROR;
				CLANG_WARN_DOCUMENTATION_COMMENTS = YES;
				CLANG_WARN_EMPTY_BODY = YES;
				CLANG_WARN_ENUM_CONVERSION = YES;
				CLANG_WARN_INFINITE_RECURSION = YES;
				CLANG_WARN_INT_CONVERSION = YES;
				CLANG_WARN_NON_LITERAL_NULL_CONVERSION = YES;
				CLANG_WARN_OBJC_IMPLICIT_RETAIN_SELF = YES;
				CLANG_WARN_OBJC_LITERAL_CONVERSION = YES;
				CLANG_WARN_OBJC_ROOT_CLASS = YES_ERROR;
				CLANG_WARN_QUOTED_INCLUDE_IN_FRAMEWORK_HEADER = YES;
				CLANG_WARN_RANGE_LOOP_ANALYSIS = YES;
				CLANG_WARN_STRICT_PROTOTYPES = YES;
				CLANG_WARN_SUSPICIOUS_MOVE = YES;
				CLANG_WARN_UNGUARDED_AVAILABILITY = YES_AGGRESSIVE;
				CLANG_WARN_UNREACHABLE_CODE = YES;
				CLANG_WARN__DUPLICATE_METHOD_MATCH = YES;
				COPY_PHASE_STRIP = NO;
				DEBUG_INFORMATION_FORMAT = "dwarf-with-dsym";
				ENABLE_NS_ASSERTIONS = NO;
				ENABLE_STRICT_OBJC_MSGSEND = YES;
				GCC_C_LANGUAGE_STANDARD = gnu11;
				GCC_NO_COMMON_BLOCKS = YES;
				GCC_WARN_64_TO_32_BIT_CONVERSION = YES;
				GCC_WARN_ABOUT_RETURN_TYPE = YES_ERROR;
				GCC_WARN_UNDECLARED_SELECTOR = YES;
				GCC_WARN_UNINITIALIZED_AUTOS = YES_AGGRESSIVE;
				GCC_WARN_UNUSED_FUNCTION = YES;
				GCC_WARN_UNUSED_VARIABLE = YES;
				IPHONEOS_DEPLOYMENT_TARGET = 16.4;
				MTL_ENABLE_DEBUG_INFO = NO;
				MTL_FAST_MATH = YES;
				SDKROOT = iphoneos;
				SWIFT_COMPILATION_MODE = wholemodule;
				SWIFT_OPTIMIZATION_LEVEL = "-O";
				VALIDATE_PRODUCT = YES;
			};
			name = Release;
		};
		05496C8529D956D40080C503 /* Debug */ = {
			isa = XCBuildConfiguration;
			buildSettings = {
				ASSETCATALOG_COMPILER_APPICON_NAME = AppIcon;
				ASSETCATALOG_COMPILER_GLOBAL_ACCENT_COLOR_NAME = AccentColor;
				CODE_SIGN_STYLE = Automatic;
				CURRENT_PROJECT_VERSION = 18;
				DEVELOPMENT_ASSET_PATHS = "\"OS One/Preview Content\"";
				DEVELOPMENT_TEAM = 4P8S9W2NYL;
				ENABLE_PREVIEWS = YES;
				GENERATE_INFOPLIST_FILE = YES;
				INFOPLIST_FILE = "OS-One-Info.plist";
				INFOPLIST_KEY_NSMicrophoneUsageDescription = "Enables you to turn your speech into text.";
				INFOPLIST_KEY_NSSpeechRecognitionUsageDescription = "Enables you to turn your speech into text.";
				INFOPLIST_KEY_UIApplicationSceneManifest_Generation = YES;
				INFOPLIST_KEY_UIApplicationSupportsIndirectInputEvents = YES;
				INFOPLIST_KEY_UILaunchScreen_Generation = YES;
				INFOPLIST_KEY_UISupportedInterfaceOrientations = "UIInterfaceOrientationPortrait UIInterfaceOrientationPortraitUpsideDown";
				INFOPLIST_KEY_UISupportedInterfaceOrientations_iPad = "UIInterfaceOrientationLandscapeLeft UIInterfaceOrientationLandscapeRight UIInterfaceOrientationPortrait UIInterfaceOrientationPortraitUpsideDown";
				LD_RUNPATH_SEARCH_PATHS = (
					"$(inherited)",
					"@executable_path/Frameworks",
				);
				MARKETING_VERSION = 1.0;
				PRODUCT_BUNDLE_IDENTIFIER = "com.sighmon.OS-One";
				PRODUCT_NAME = "OS One";
				SWIFT_EMIT_LOC_STRINGS = YES;
				SWIFT_VERSION = 5.0;
				TARGETED_DEVICE_FAMILY = "1,2";
			};
			name = Debug;
		};
		05496C8629D956D40080C503 /* Release */ = {
			isa = XCBuildConfiguration;
			buildSettings = {
				ASSETCATALOG_COMPILER_APPICON_NAME = AppIcon;
				ASSETCATALOG_COMPILER_GLOBAL_ACCENT_COLOR_NAME = AccentColor;
				CODE_SIGN_STYLE = Automatic;
				CURRENT_PROJECT_VERSION = 18;
				DEVELOPMENT_ASSET_PATHS = "\"OS One/Preview Content\"";
				DEVELOPMENT_TEAM = 4P8S9W2NYL;
				ENABLE_PREVIEWS = YES;
				GENERATE_INFOPLIST_FILE = YES;
				INFOPLIST_FILE = "OS-One-Info.plist";
				INFOPLIST_KEY_NSMicrophoneUsageDescription = "Enables you to turn your speech into text.";
				INFOPLIST_KEY_NSSpeechRecognitionUsageDescription = "Enables you to turn your speech into text.";
				INFOPLIST_KEY_UIApplicationSceneManifest_Generation = YES;
				INFOPLIST_KEY_UIApplicationSupportsIndirectInputEvents = YES;
				INFOPLIST_KEY_UILaunchScreen_Generation = YES;
				INFOPLIST_KEY_UISupportedInterfaceOrientations = "UIInterfaceOrientationPortrait UIInterfaceOrientationPortraitUpsideDown";
				INFOPLIST_KEY_UISupportedInterfaceOrientations_iPad = "UIInterfaceOrientationLandscapeLeft UIInterfaceOrientationLandscapeRight UIInterfaceOrientationPortrait UIInterfaceOrientationPortraitUpsideDown";
				LD_RUNPATH_SEARCH_PATHS = (
					"$(inherited)",
					"@executable_path/Frameworks",
				);
				MARKETING_VERSION = 1.0;
				PRODUCT_BUNDLE_IDENTIFIER = "com.sighmon.OS-One";
				PRODUCT_NAME = "OS One";
				SWIFT_EMIT_LOC_STRINGS = YES;
				SWIFT_VERSION = 5.0;
				TARGETED_DEVICE_FAMILY = "1,2";
			};
			name = Release;
		};
		05496C8829D956D40080C503 /* Debug */ = {
			isa = XCBuildConfiguration;
			buildSettings = {
				ALWAYS_EMBED_SWIFT_STANDARD_LIBRARIES = YES;
				BUNDLE_LOADER = "$(TEST_HOST)";
				CODE_SIGN_STYLE = Automatic;
				CURRENT_PROJECT_VERSION = 1;
				DEVELOPMENT_TEAM = 4P8S9W2NYL;
				GENERATE_INFOPLIST_FILE = YES;
				IPHONEOS_DEPLOYMENT_TARGET = 16.4;
				MARKETING_VERSION = 1.0;
				PRODUCT_BUNDLE_IDENTIFIER = "com.sighmon.ChatGPT-VoiceTests";
				PRODUCT_NAME = "$(TARGET_NAME)";
				SWIFT_EMIT_LOC_STRINGS = NO;
				SWIFT_VERSION = 5.0;
				TARGETED_DEVICE_FAMILY = "1,2";
				TEST_HOST = "$(BUILT_PRODUCTS_DIR)/OS One.app/$(BUNDLE_EXECUTABLE_FOLDER_PATH)/OS One";
			};
			name = Debug;
		};
		05496C8929D956D40080C503 /* Release */ = {
			isa = XCBuildConfiguration;
			buildSettings = {
				ALWAYS_EMBED_SWIFT_STANDARD_LIBRARIES = YES;
				BUNDLE_LOADER = "$(TEST_HOST)";
				CODE_SIGN_STYLE = Automatic;
				CURRENT_PROJECT_VERSION = 1;
				DEVELOPMENT_TEAM = 4P8S9W2NYL;
				GENERATE_INFOPLIST_FILE = YES;
				IPHONEOS_DEPLOYMENT_TARGET = 16.4;
				MARKETING_VERSION = 1.0;
				PRODUCT_BUNDLE_IDENTIFIER = "com.sighmon.ChatGPT-VoiceTests";
				PRODUCT_NAME = "$(TARGET_NAME)";
				SWIFT_EMIT_LOC_STRINGS = NO;
				SWIFT_VERSION = 5.0;
				TARGETED_DEVICE_FAMILY = "1,2";
				TEST_HOST = "$(BUILT_PRODUCTS_DIR)/OS One.app/$(BUNDLE_EXECUTABLE_FOLDER_PATH)/OS One";
			};
			name = Release;
		};
		05496C8B29D956D40080C503 /* Debug */ = {
			isa = XCBuildConfiguration;
			buildSettings = {
				ALWAYS_EMBED_SWIFT_STANDARD_LIBRARIES = YES;
				CODE_SIGN_STYLE = Automatic;
				CURRENT_PROJECT_VERSION = 1;
				DEVELOPMENT_TEAM = 4P8S9W2NYL;
				GENERATE_INFOPLIST_FILE = YES;
				MARKETING_VERSION = 1.0;
				PRODUCT_BUNDLE_IDENTIFIER = "com.sighmon.ChatGPT-VoiceUITests";
				PRODUCT_NAME = "$(TARGET_NAME)";
				SWIFT_EMIT_LOC_STRINGS = NO;
				SWIFT_VERSION = 5.0;
				TARGETED_DEVICE_FAMILY = "1,2";
				TEST_TARGET_NAME = "OS One";
			};
			name = Debug;
		};
		05496C8C29D956D40080C503 /* Release */ = {
			isa = XCBuildConfiguration;
			buildSettings = {
				ALWAYS_EMBED_SWIFT_STANDARD_LIBRARIES = YES;
				CODE_SIGN_STYLE = Automatic;
				CURRENT_PROJECT_VERSION = 1;
				DEVELOPMENT_TEAM = 4P8S9W2NYL;
				GENERATE_INFOPLIST_FILE = YES;
				MARKETING_VERSION = 1.0;
				PRODUCT_BUNDLE_IDENTIFIER = "com.sighmon.ChatGPT-VoiceUITests";
				PRODUCT_NAME = "$(TARGET_NAME)";
				SWIFT_EMIT_LOC_STRINGS = NO;
				SWIFT_VERSION = 5.0;
				TARGETED_DEVICE_FAMILY = "1,2";
				TEST_TARGET_NAME = "OS One";
			};
			name = Release;
		};
/* End XCBuildConfiguration section */

/* Begin XCConfigurationList section */
		05496C5529D956D20080C503 /* Build configuration list for PBXProject "OS One" */ = {
			isa = XCConfigurationList;
			buildConfigurations = (
				05496C8229D956D40080C503 /* Debug */,
				05496C8329D956D40080C503 /* Release */,
			);
			defaultConfigurationIsVisible = 0;
			defaultConfigurationName = Release;
		};
		05496C8429D956D40080C503 /* Build configuration list for PBXNativeTarget "OS One" */ = {
			isa = XCConfigurationList;
			buildConfigurations = (
				05496C8529D956D40080C503 /* Debug */,
				05496C8629D956D40080C503 /* Release */,
			);
			defaultConfigurationIsVisible = 0;
			defaultConfigurationName = Release;
		};
		05496C8729D956D40080C503 /* Build configuration list for PBXNativeTarget "OS OneTests" */ = {
			isa = XCConfigurationList;
			buildConfigurations = (
				05496C8829D956D40080C503 /* Debug */,
				05496C8929D956D40080C503 /* Release */,
			);
			defaultConfigurationIsVisible = 0;
			defaultConfigurationName = Release;
		};
		05496C8A29D956D40080C503 /* Build configuration list for PBXNativeTarget "OS OneUITests" */ = {
			isa = XCConfigurationList;
			buildConfigurations = (
				05496C8B29D956D40080C503 /* Debug */,
				05496C8C29D956D40080C503 /* Release */,
			);
			defaultConfigurationIsVisible = 0;
			defaultConfigurationName = Release;
		};
/* End XCConfigurationList section */

/* Begin XCVersionGroup section */
		05496C6829D956D40080C503 /* OS_One.xcdatamodeld */ = {
			isa = XCVersionGroup;
			children = (
				05496C6929D956D40080C503 /* OS_One.xcdatamodel */,
			);
			currentVersion = 05496C6929D956D40080C503 /* OS_One.xcdatamodel */;
			path = OS_One.xcdatamodeld;
			sourceTree = "<group>";
			versionGroupType = wrapper.xcdatamodel;
		};
/* End XCVersionGroup section */
	};
	rootObject = 05496C5229D956D20080C503 /* Project object */;
}
